
Microsoft Visual Studio Solution File, Format Version 12.00
# Visual Studio 14
VisualStudioVersion = 14.0.25420.1
MinimumVisualStudioVersion = 10.0.40219.1
Project("{FAE04EC0-301F-11D3-BF4B-00C04F79EFBC}") = "Cake.Storyteller", "Cake.Storyteller\Cake.Storyteller.csproj", "{A683C05C-4FB7-415E-97FD-02CB659C4205}"
EndProject
Project("{FAE04EC0-301F-11D3-BF4B-00C04F79EFBC}") = "Cake.Storyteller.Tests", "Cake.Storyteller.Tests\Cake.Storyteller.Tests.csproj", "{61BC6BA6-52DE-4189-AB60-7A564E3D9853}"
EndProject
Global
	GlobalSection(SolutionConfigurationPlatforms) = preSolution
		Debug|Any CPU = Debug|Any CPU
		Release|Any CPU = Release|Any CPU
	EndGlobalSection
	GlobalSection(ProjectConfigurationPlatforms) = postSolution
		{A683C05C-4FB7-415E-97FD-02CB659C4205}.Debug|Any CPU.ActiveCfg = Debug|Any CPU
		{A683C05C-4FB7-415E-97FD-02CB659C4205}.Debug|Any CPU.Build.0 = Debug|Any CPU
		{A683C05C-4FB7-415E-97FD-02CB659C4205}.Release|Any CPU.ActiveCfg = Release|Any CPU
		{A683C05C-4FB7-415E-97FD-02CB659C4205}.Release|Any CPU.Build.0 = Release|Any CPU
		{61BC6BA6-52DE-4189-AB60-7A564E3D9853}.Debug|Any CPU.ActiveCfg = Debug|Any CPU
		{61BC6BA6-52DE-4189-AB60-7A564E3D9853}.Debug|Any CPU.Build.0 = Debug|Any CPU
		{61BC6BA6-52DE-4189-AB60-7A564E3D9853}.Release|Any CPU.ActiveCfg = Release|Any CPU
		{61BC6BA6-52DE-4189-AB60-7A564E3D9853}.Release|Any CPU.Build.0 = Release|Any CPU
	EndGlobalSection
	GlobalSection(SolutionProperties) = preSolution
		HideSolutionNode = FALSE
	EndGlobalSection
EndGlobal
